
Microsoft Visual Studio Solution File, Format Version 12.00
# Visual Studio Version 17
VisualStudioVersion = 17.6.33723.286
MinimumVisualStudioVersion = 10.0.40219.1
Project("{FAE04EC0-301F-11D3-BF4B-00C04F79EFBC}") = "Array_assinments", "Array_assinments\Array_assinments.csproj", "{15DD3D6B-9146-4580-8632-D83FF1F358B7}"
EndProject
Global
	GlobalSection(SolutionConfigurationPlatforms) = preSolution
		Debug|Any CPU = Debug|Any CPU
		Release|Any CPU = Release|Any CPU
	EndGlobalSection
	GlobalSection(ProjectConfigurationPlatforms) = postSolution
		{15DD3D6B-9146-4580-8632-D83FF1F358B7}.Debug|Any CPU.ActiveCfg = Debug|Any CPU
		{15DD3D6B-9146-4580-8632-D83FF1F358B7}.Debug|Any CPU.Build.0 = Debug|Any CPU
		{15DD3D6B-9146-4580-8632-D83FF1F358B7}.Release|Any CPU.ActiveCfg = Release|Any CPU
		{15DD3D6B-9146-4580-8632-D83FF1F358B7}.Release|Any CPU.Build.0 = Release|Any CPU
	EndGlobalSection
	GlobalSection(SolutionProperties) = preSolution
		HideSolutionNode = FALSE
	EndGlobalSection
	GlobalSection(ExtensibilityGlobals) = postSolution
		SolutionGuid = {D8F66398-6E84-442B-9860-17924516F7BE}
	EndGlobalSection
EndGlobal
